PODS:
  - GRDB.swift (4.4.0):
    - GRDB.swift/standard (= 4.4.0)
  - GRDB.swift/standard (4.4.0)

DEPENDENCIES:
  - GRDB.swift

SPEC REPOS:
  trunk:
    - GRDB.swift

SPEC CHECKSUMS:
  GRDB.swift: 4f9b6e7efc9470426f6a6de10ec1fee798ff7e43

PODFILE CHECKSUM: 309cae904bef7252c4a772956ed7908f763832a7

COCOAPODS: 1.8.3
